
Microsoft Visual Studio Solution File, Format Version 12.00
# Visual Studio Version 17
VisualStudioVersion = 17.11.35312.102
MinimumVisualStudioVersion = 10.0.40219.1
Project("{9A19103F-16F7-4668-BE54-9A1E7A4F7556}") = "Task1_1", "Task1_1\Task1_1.csproj", "{60291FE5-0489-444B-AD1E-F60F04BD7633}"
EndProject
Project("{2150E333-8FDC-42A3-9474-1A3956D46DE8}") = "Task1", "Task1", "{39D0FD5F-0068-4454-84D5-F8298556D62E}"
EndProject
Project("{2150E333-8FDC-42A3-9474-1A3956D46DE8}") = "Task2", "Task2", "{653BB493-5CF2-4090-A78D-E92728DB404F}"
EndProject
Project("{FAE04EC0-301F-11D3-BF4B-00C04F79EFBC}") = "Task2_1", "Task2_1\Task2_1.csproj", "{EE5CEB44-B104-41AA-9BE6-AD718A6B7467}"
EndProject
Project("{FAE04EC0-301F-11D3-BF4B-00C04F79EFBC}") = "Task2_2", "Task2_2\Task2_2.csproj", "{A2C6D222-A5A2-4769-81E3-E81EBBD5D8C9}"
EndProject
Project("{FAE04EC0-301F-11D3-BF4B-00C04F79EFBC}") = "Task2_3", "Task2_3\Task2_3.csproj", "{FEDB881D-0443-434A-AB79-D8B8713C4E06}"
EndProject
Project("{FAE04EC0-301F-11D3-BF4B-00C04F79EFBC}") = "Task2_4", "Task2_4\Task2_4.csproj", "{0F7E899C-AF3B-4E7D-94B2-67BCDC70927C}"
EndProject
Project("{FAE04EC0-301F-11D3-BF4B-00C04F79EFBC}") = "Task2_5", "Task2_5\Task2_5.csproj", "{C816FDEA-3CB6-4C82-889B-57643253DBAE}"
EndProject
Project("{FAE04EC0-301F-11D3-BF4B-00C04F79EFBC}") = "Task2_6", "Task2_6\Task2_6.csproj", "{607270E9-01A7-4FE5-9C85-E3653CE4C30E}"
EndProject
Project("{FAE04EC0-301F-11D3-BF4B-00C04F79EFBC}") = "Task2_7", "Task2_7\Task2_7.csproj", "{14805E0E-AF63-4954-9DC1-2BD0CD38BB16}"
EndProject
Project("{2150E333-8FDC-42A3-9474-1A3956D46DE8}") = "Task3", "Task3", "{A936EFD4-66E0-464E-B505-6020B8F33792}"
EndProject
Project("{2150E333-8FDC-42A3-9474-1A3956D46DE8}") = "Task4", "Task4", "{5D7FA1D1-AB04-4DFE-881E-C9978F9AE7CD}"
EndProject
Project("{2150E333-8FDC-42A3-9474-1A3956D46DE8}") = "Task5", "Task5", "{56D1BE4C-685E-4A52-9855-A048AE77F2CB}"
EndProject
Project("{2150E333-8FDC-42A3-9474-1A3956D46DE8}") = "Task6", "Task6", "{52934DE2-6A81-4785-B53D-95B6B0B8F27A}"
EndProject
Project("{2150E333-8FDC-42A3-9474-1A3956D46DE8}") = "Task7", "Task7", "{0B4A7F74-897B-489C-8BC0-8F8444062CE0}"
EndProject
Project("{2150E333-8FDC-42A3-9474-1A3956D46DE8}") = "Task8", "Task8", "{7D26A0B7-9C44-4266-9D0F-CF0585FBF912}"
EndProject
Project("{2150E333-8FDC-42A3-9474-1A3956D46DE8}") = "Task9", "Task9", "{FF309A0E-A74C-4670-BB4E-81BE0EAF7802}"
EndProject
Project("{2150E333-8FDC-42A3-9474-1A3956D46DE8}") = "Task10", "Task10", "{DAC49D14-03B8-4496-B97F-C4B79B4680DC}"
EndProject
Project("{2150E333-8FDC-42A3-9474-1A3956D46DE8}") = "Task11", "Task11", "{9F31ABCB-DEFE-464F-96BC-30C1915E2975}"
EndProject
Project("{2150E333-8FDC-42A3-9474-1A3956D46DE8}") = "Task12", "Task12", "{2EA2D4E8-83E8-4B1A-A87F-7DE22DFC8CB3}"
EndProject
Project("{2150E333-8FDC-42A3-9474-1A3956D46DE8}") = "Task13", "Task13", "{FF45CDB4-90BB-4C2B-8BCD-22D3BBFADD7D}"
EndProject
Project("{2150E333-8FDC-42A3-9474-1A3956D46DE8}") = "Task14", "Task14", "{85CECEB7-58FC-4147-8255-748D9E79C794}"
EndProject
Project("{2150E333-8FDC-42A3-9474-1A3956D46DE8}") = "Task15", "Task15", "{BDFF56F6-F410-422C-AAD9-F2735BF09919}"
EndProject
Project("{FAE04EC0-301F-11D3-BF4B-00C04F79EFBC}") = "Task3_1", "Task3_1\Task3_1.csproj", "{0E0AFA48-84AE-44BD-89D6-FC5DF1285ABE}"
EndProject
Project("{FAE04EC0-301F-11D3-BF4B-00C04F79EFBC}") = "Task3_2", "Task3_2\Task3_2.csproj", "{BE598FFE-88A8-41AC-B6EF-19B376B1CF8E}"
EndProject
Project("{FAE04EC0-301F-11D3-BF4B-00C04F79EFBC}") = "Task3_3", "Task3_3\Task3_3.csproj", "{2D85C9D0-E4F5-42EF-958E-A67B8070750C}"
EndProject
Project("{FAE04EC0-301F-11D3-BF4B-00C04F79EFBC}") = "Task3_4", "Task3_4\Task3_4.csproj", "{7C251B79-6A94-4806-BF5B-60FC838A24E5}"
EndProject
Project("{FAE04EC0-301F-11D3-BF4B-00C04F79EFBC}") = "Task3_5", "Task3_5\Task3_5.csproj", "{8E64837B-FCA0-413B-90E0-DC002FBA8692}"
EndProject
Project("{FAE04EC0-301F-11D3-BF4B-00C04F79EFBC}") = "Task3_6", "Task3_6\Task3_6.csproj", "{9C11D0F8-4A51-4E47-9511-79E860448ABC}"
EndProject
Project("{FAE04EC0-301F-11D3-BF4B-00C04F79EFBC}") = "Task3_7", "Task3_7\Task3_7.csproj", "{7A54EB98-E354-404D-A0D9-E5C2B10DAF76}"
EndProject
Project("{FAE04EC0-301F-11D3-BF4B-00C04F79EFBC}") = "Task3_8", "Task3_8\Task3_8.csproj", "{100E77BD-77CF-41F3-AED6-BCF2169C2C44}"
EndProject
Project("{FAE04EC0-301F-11D3-BF4B-00C04F79EFBC}") = "Task3_9", "Task3_9\Task3_9.csproj", "{E8C5B353-B976-40E1-9313-EF129607DAF4}"
EndProject
Project("{FAE04EC0-301F-11D3-BF4B-00C04F79EFBC}") = "Task3_10", "Task3_10\Task3_10.csproj", "{75217348-9E31-451A-BCC9-0DE13FA1D9C2}"
EndProject
Project("{FAE04EC0-301F-11D3-BF4B-00C04F79EFBC}") = "Task3_11", "Task3_11\Task3_11.csproj", "{E0DD4702-8DBE-4631-858A-EBA9C5B86DEE}"
EndProject
Project("{FAE04EC0-301F-11D3-BF4B-00C04F79EFBC}") = "Task3_12", "Task3_12\Task3_12.csproj", "{350B0A5E-A8E3-44B7-B769-66599A99B49C}"
EndProject
Project("{FAE04EC0-301F-11D3-BF4B-00C04F79EFBC}") = "Task4_1", "Task4_1\Task4_1.csproj", "{A92DC8ED-D7C9-47AF-B415-FB1AE3036451}"
EndProject
Project("{FAE04EC0-301F-11D3-BF4B-00C04F79EFBC}") = "Task4_2", "Task4_2\Task4_2.csproj", "{58E7AE2C-0CFE-4C49-9379-EFC978611208}"
EndProject
Project("{FAE04EC0-301F-11D3-BF4B-00C04F79EFBC}") = "Task4_3", "Task4_3\Task4_3.csproj", "{A1C91AE8-DB6B-4B9F-A3E4-6C2B9D4EB0F1}"
EndProject
Project("{FAE04EC0-301F-11D3-BF4B-00C04F79EFBC}") = "Task4_4", "Task4_4\Task4_4.csproj", "{38A01D0E-094B-4568-9C21-BC53310C0882}"
EndProject
Project("{FAE04EC0-301F-11D3-BF4B-00C04F79EFBC}") = "Task4_5", "Task4_5\Task4_5.csproj", "{D55B1E63-683D-4922-B0D1-DEA45F2AFF69}"
EndProject
Project("{FAE04EC0-301F-11D3-BF4B-00C04F79EFBC}") = "Task4_6", "Task4_6\Task4_6.csproj", "{488AE8BB-453D-4617-8F44-A736E26A9E7D}"
EndProject
Project("{FAE04EC0-301F-11D3-BF4B-00C04F79EFBC}") = "Task4_7", "Task4_7\Task4_7.csproj", "{ADFB0E77-0EB7-4788-B5A3-E9AE9B3AB402}"
EndProject
Project("{FAE04EC0-301F-11D3-BF4B-00C04F79EFBC}") = "Task4_8", "Task4_8\Task4_8.csproj", "{DADAEE5D-81A9-4335-91E5-220B3235147E}"
EndProject
Project("{FAE04EC0-301F-11D3-BF4B-00C04F79EFBC}") = "Task5_1", "Task5_1\Task5_1.csproj", "{06B2DBE1-1C60-4753-A036-0EF5E112D18B}"
EndProject
Project("{FAE04EC0-301F-11D3-BF4B-00C04F79EFBC}") = "Task5_2", "Task5_2\Task5_2.csproj", "{F72D91DF-5A6C-43C8-AC91-F32A37312FC7}"
EndProject
Project("{FAE04EC0-301F-11D3-BF4B-00C04F79EFBC}") = "Task5_3", "Task5_3\Task5_3.csproj", "{2501C8DA-6721-4B9B-B61E-B57E587454D1}"
EndProject
Project("{FAE04EC0-301F-11D3-BF4B-00C04F79EFBC}") = "Task5_4", "Task5_4\Task5_4.csproj", "{65DC4919-D6DA-4774-9EE0-F212D3AD53B7}"
EndProject
Project("{FAE04EC0-301F-11D3-BF4B-00C04F79EFBC}") = "Task5_5", "Task5_5\Task5_5.csproj", "{23717546-CDC3-4383-AB26-C2F01BD4157E}"
EndProject
Project("{FAE04EC0-301F-11D3-BF4B-00C04F79EFBC}") = "Task5_6", "Task5_6\Task5_6.csproj", "{1117DBEA-67F9-43B7-94A7-83BDE026D5A3}"
EndProject
Project("{FAE04EC0-301F-11D3-BF4B-00C04F79EFBC}") = "Task5_7", "Task5_7\Task5_7.csproj", "{1DC4F247-7039-408E-A4BA-DA0424130C28}"
EndProject
Project("{FAE04EC0-301F-11D3-BF4B-00C04F79EFBC}") = "Task5_8", "Task5_8\Task5_8.csproj", "{C8600940-2A05-480E-A5BC-5695B8695A43}"
EndProject
Project("{FAE04EC0-301F-11D3-BF4B-00C04F79EFBC}") = "Task5_9", "Task5_9\Task5_9.csproj", "{ECAFB830-2DED-43DE-BFEB-12664C90FBDB}"
EndProject
Project("{FAE04EC0-301F-11D3-BF4B-00C04F79EFBC}") = "Task5_10", "Task5_10\Task5_10.csproj", "{4D0BA380-73E1-47FB-9749-901519C4621B}"
EndProject
Project("{FAE04EC0-301F-11D3-BF4B-00C04F79EFBC}") = "Task6_1", "Task6_1\Task6_1.csproj", "{E41DC141-B30B-42E6-B600-442E5A98CC66}"
EndProject
Project("{FAE04EC0-301F-11D3-BF4B-00C04F79EFBC}") = "Task6_2", "Task6_2\Task6_2.csproj", "{EA7EB612-3CBE-4E68-8D27-279F96D5C701}"
EndProject
Project("{FAE04EC0-301F-11D3-BF4B-00C04F79EFBC}") = "Task6_3", "Task6_3\Task6_3.csproj", "{0FA2C551-C0AC-4E5A-B38D-B10365ED3CB1}"
EndProject
Project("{FAE04EC0-301F-11D3-BF4B-00C04F79EFBC}") = "Task7_1", "Task7_1\Task7_1.csproj", "{8905632F-852D-457D-AA90-FB5265522FF7}"
EndProject
Project("{FAE04EC0-301F-11D3-BF4B-00C04F79EFBC}") = "Task7_2", "Task7_2\Task7_2.csproj", "{926EFCA8-AA68-4E68-BBB7-A70F2E35109E}"
EndProject
Project("{FAE04EC0-301F-11D3-BF4B-00C04F79EFBC}") = "Task8_1", "Task8_1\Task8_1.csproj", "{9C6244A9-1504-42D2-BDF0-C7D20A280E9E}"
EndProject
Project("{FAE04EC0-301F-11D3-BF4B-00C04F79EFBC}") = "Task9_1", "Task9_1\Task9_1.csproj", "{06C34CBB-9E0A-4043-ACE6-CAA6083A4DAF}"
EndProject
Project("{FAE04EC0-301F-11D3-BF4B-00C04F79EFBC}") = "Task10_1", "Task10_1\Task10_1.csproj", "{B563240C-C127-4405-9432-562F833EE91B}"
EndProject
Project("{FAE04EC0-301F-11D3-BF4B-00C04F79EFBC}") = "Task11_1", "Task11_1\Task11_1.csproj", "{F55443ED-720C-4E36-88C7-90AD4D2E2ABD}"
EndProject
Project("{FAE04EC0-301F-11D3-BF4B-00C04F79EFBC}") = "Task12_1", "Task12_1\Task12_1.csproj", "{F6869430-6B8F-4EB8-85E0-4A3DE7F24375}"
EndProject
Project("{FAE04EC0-301F-11D3-BF4B-00C04F79EFBC}") = "Task13_1", "Task13_1\Task13_1.csproj", "{572E1855-50D4-4E44-B7D7-1CDF60D19532}"
EndProject
Project("{FAE04EC0-301F-11D3-BF4B-00C04F79EFBC}") = "Task14_1", "Task14_1\Task14_1.csproj", "{9F48DDED-2ACB-46B8-A136-EBA8FE1891FF}"
EndProject
Project("{FAE04EC0-301F-11D3-BF4B-00C04F79EFBC}") = "Task15_1", "Task15_1\Task15_1.csproj", "{3AED54D5-97C4-4E31-9578-BC9360698836}"
EndProject
Global
	GlobalSection(SolutionConfigurationPlatforms) = preSolution
		Debug|Any CPU = Debug|Any CPU
		Release|Any CPU = Release|Any CPU
	EndGlobalSection
	GlobalSection(ProjectConfigurationPlatforms) = postSolution
		{60291FE5-0489-444B-AD1E-F60F04BD7633}.Debug|Any CPU.ActiveCfg = Debug|Any CPU
		{60291FE5-0489-444B-AD1E-F60F04BD7633}.Debug|Any CPU.Build.0 = Debug|Any CPU
		{60291FE5-0489-444B-AD1E-F60F04BD7633}.Release|Any CPU.ActiveCfg = Release|Any CPU
		{60291FE5-0489-444B-AD1E-F60F04BD7633}.Release|Any CPU.Build.0 = Release|Any CPU
		{EE5CEB44-B104-41AA-9BE6-AD718A6B7467}.Debug|Any CPU.ActiveCfg = Debug|Any CPU
		{EE5CEB44-B104-41AA-9BE6-AD718A6B7467}.Debug|Any CPU.Build.0 = Debug|Any CPU
		{EE5CEB44-B104-41AA-9BE6-AD718A6B7467}.Release|Any CPU.ActiveCfg = Release|Any CPU
		{EE5CEB44-B104-41AA-9BE6-AD718A6B7467}.Release|Any CPU.Build.0 = Release|Any CPU
		{A2C6D222-A5A2-4769-81E3-E81EBBD5D8C9}.Debug|Any CPU.ActiveCfg = Debug|Any CPU
		{A2C6D222-A5A2-4769-81E3-E81EBBD5D8C9}.Debug|Any CPU.Build.0 = Debug|Any CPU
		{A2C6D222-A5A2-4769-81E3-E81EBBD5D8C9}.Release|Any CPU.ActiveCfg = Release|Any CPU
		{A2C6D222-A5A2-4769-81E3-E81EBBD5D8C9}.Release|Any CPU.Build.0 = Release|Any CPU
		{FEDB881D-0443-434A-AB79-D8B8713C4E06}.Debug|Any CPU.ActiveCfg = Debug|Any CPU
		{FEDB881D-0443-434A-AB79-D8B8713C4E06}.Debug|Any CPU.Build.0 = Debug|Any CPU
		{FEDB881D-0443-434A-AB79-D8B8713C4E06}.Release|Any CPU.ActiveCfg = Release|Any CPU
		{FEDB881D-0443-434A-AB79-D8B8713C4E06}.Release|Any CPU.Build.0 = Release|Any CPU
		{0F7E899C-AF3B-4E7D-94B2-67BCDC70927C}.Debug|Any CPU.ActiveCfg = Debug|Any CPU
		{0F7E899C-AF3B-4E7D-94B2-67BCDC70927C}.Debug|Any CPU.Build.0 = Debug|Any CPU
		{0F7E899C-AF3B-4E7D-94B2-67BCDC70927C}.Release|Any CPU.ActiveCfg = Release|Any CPU
		{0F7E899C-AF3B-4E7D-94B2-67BCDC70927C}.Release|Any CPU.Build.0 = Release|Any CPU
		{C816FDEA-3CB6-4C82-889B-57643253DBAE}.Debug|Any CPU.ActiveCfg = Debug|Any CPU
		{C816FDEA-3CB6-4C82-889B-57643253DBAE}.Debug|Any CPU.Build.0 = Debug|Any CPU
		{C816FDEA-3CB6-4C82-889B-57643253DBAE}.Release|Any CPU.ActiveCfg = Release|Any CPU
		{C816FDEA-3CB6-4C82-889B-57643253DBAE}.Release|Any CPU.Build.0 = Release|Any CPU
		{607270E9-01A7-4FE5-9C85-E3653CE4C30E}.Debug|Any CPU.ActiveCfg = Debug|Any CPU
		{607270E9-01A7-4FE5-9C85-E3653CE4C30E}.Debug|Any CPU.Build.0 = Debug|Any CPU
		{607270E9-01A7-4FE5-9C85-E3653CE4C30E}.Release|Any CPU.ActiveCfg = Release|Any CPU
		{607270E9-01A7-4FE5-9C85-E3653CE4C30E}.Release|Any CPU.Build.0 = Release|Any CPU
		{14805E0E-AF63-4954-9DC1-2BD0CD38BB16}.Debug|Any CPU.ActiveCfg = Debug|Any CPU
		{14805E0E-AF63-4954-9DC1-2BD0CD38BB16}.Debug|Any CPU.Build.0 = Debug|Any CPU
		{14805E0E-AF63-4954-9DC1-2BD0CD38BB16}.Release|Any CPU.ActiveCfg = Release|Any CPU
		{14805E0E-AF63-4954-9DC1-2BD0CD38BB16}.Release|Any CPU.Build.0 = Release|Any CPU
		{0E0AFA48-84AE-44BD-89D6-FC5DF1285ABE}.Debug|Any CPU.ActiveCfg = Debug|Any CPU
		{0E0AFA48-84AE-44BD-89D6-FC5DF1285ABE}.Debug|Any CPU.Build.0 = Debug|Any CPU
		{0E0AFA48-84AE-44BD-89D6-FC5DF1285ABE}.Release|Any CPU.ActiveCfg = Release|Any CPU
		{0E0AFA48-84AE-44BD-89D6-FC5DF1285ABE}.Release|Any CPU.Build.0 = Release|Any CPU
		{BE598FFE-88A8-41AC-B6EF-19B376B1CF8E}.Debug|Any CPU.ActiveCfg = Debug|Any CPU
		{BE598FFE-88A8-41AC-B6EF-19B376B1CF8E}.Debug|Any CPU.Build.0 = Debug|Any CPU
		{BE598FFE-88A8-41AC-B6EF-19B376B1CF8E}.Release|Any CPU.ActiveCfg = Release|Any CPU
		{BE598FFE-88A8-41AC-B6EF-19B376B1CF8E}.Release|Any CPU.Build.0 = Release|Any CPU
		{2D85C9D0-E4F5-42EF-958E-A67B8070750C}.Debug|Any CPU.ActiveCfg = Debug|Any CPU
		{2D85C9D0-E4F5-42EF-958E-A67B8070750C}.Debug|Any CPU.Build.0 = Debug|Any CPU
		{2D85C9D0-E4F5-42EF-958E-A67B8070750C}.Release|Any CPU.ActiveCfg = Release|Any CPU
		{2D85C9D0-E4F5-42EF-958E-A67B8070750C}.Release|Any CPU.Build.0 = Release|Any CPU
		{7C251B79-6A94-4806-BF5B-60FC838A24E5}.Debug|Any CPU.ActiveCfg = Debug|Any CPU
		{7C251B79-6A94-4806-BF5B-60FC838A24E5}.Debug|Any CPU.Build.0 = Debug|Any CPU
		{7C251B79-6A94-4806-BF5B-60FC838A24E5}.Release|Any CPU.ActiveCfg = Release|Any CPU
		{7C251B79-6A94-4806-BF5B-60FC838A24E5}.Release|Any CPU.Build.0 = Release|Any CPU
		{8E64837B-FCA0-413B-90E0-DC002FBA8692}.Debug|Any CPU.ActiveCfg = Debug|Any CPU
		{8E64837B-FCA0-413B-90E0-DC002FBA8692}.Debug|Any CPU.Build.0 = Debug|Any CPU
		{8E64837B-FCA0-413B-90E0-DC002FBA8692}.Release|Any CPU.ActiveCfg = Release|Any CPU
		{8E64837B-FCA0-413B-90E0-DC002FBA8692}.Release|Any CPU.Build.0 = Release|Any CPU
		{9C11D0F8-4A51-4E47-9511-79E860448ABC}.Debug|Any CPU.ActiveCfg = Debug|Any CPU
		{9C11D0F8-4A51-4E47-9511-79E860448ABC}.Debug|Any CPU.Build.0 = Debug|Any CPU
		{9C11D0F8-4A51-4E47-9511-79E860448ABC}.Release|Any CPU.ActiveCfg = Release|Any CPU
		{9C11D0F8-4A51-4E47-9511-79E860448ABC}.Release|Any CPU.Build.0 = Release|Any CPU
		{7A54EB98-E354-404D-A0D9-E5C2B10DAF76}.Debug|Any CPU.ActiveCfg = Debug|Any CPU
		{7A54EB98-E354-404D-A0D9-E5C2B10DAF76}.Debug|Any CPU.Build.0 = Debug|Any CPU
		{7A54EB98-E354-404D-A0D9-E5C2B10DAF76}.Release|Any CPU.ActiveCfg = Release|Any CPU
		{7A54EB98-E354-404D-A0D9-E5C2B10DAF76}.Release|Any CPU.Build.0 = Release|Any CPU
		{100E77BD-77CF-41F3-AED6-BCF2169C2C44}.Debug|Any CPU.ActiveCfg = Debug|Any CPU
		{100E77BD-77CF-41F3-AED6-BCF2169C2C44}.Debug|Any CPU.Build.0 = Debug|Any CPU
		{100E77BD-77CF-41F3-AED6-BCF2169C2C44}.Release|Any CPU.ActiveCfg = Release|Any CPU
		{100E77BD-77CF-41F3-AED6-BCF2169C2C44}.Release|Any CPU.Build.0 = Release|Any CPU
		{E8C5B353-B976-40E1-9313-EF129607DAF4}.Debug|Any CPU.ActiveCfg = Debug|Any CPU
		{E8C5B353-B976-40E1-9313-EF129607DAF4}.Debug|Any CPU.Build.0 = Debug|Any CPU
		{E8C5B353-B976-40E1-9313-EF129607DAF4}.Release|Any CPU.ActiveCfg = Release|Any CPU
		{E8C5B353-B976-40E1-9313-EF129607DAF4}.Release|Any CPU.Build.0 = Release|Any CPU
		{75217348-9E31-451A-BCC9-0DE13FA1D9C2}.Debug|Any CPU.ActiveCfg = Debug|Any CPU
		{75217348-9E31-451A-BCC9-0DE13FA1D9C2}.Debug|Any CPU.Build.0 = Debug|Any CPU
		{75217348-9E31-451A-BCC9-0DE13FA1D9C2}.Release|Any CPU.ActiveCfg = Release|Any CPU
		{75217348-9E31-451A-BCC9-0DE13FA1D9C2}.Release|Any CPU.Build.0 = Release|Any CPU
		{E0DD4702-8DBE-4631-858A-EBA9C5B86DEE}.Debug|Any CPU.ActiveCfg = Debug|Any CPU
		{E0DD4702-8DBE-4631-858A-EBA9C5B86DEE}.Debug|Any CPU.Build.0 = Debug|Any CPU
		{E0DD4702-8DBE-4631-858A-EBA9C5B86DEE}.Release|Any CPU.ActiveCfg = Release|Any CPU
		{E0DD4702-8DBE-4631-858A-EBA9C5B86DEE}.Release|Any CPU.Build.0 = Release|Any CPU
		{350B0A5E-A8E3-44B7-B769-66599A99B49C}.Debug|Any CPU.ActiveCfg = Debug|Any CPU
		{350B0A5E-A8E3-44B7-B769-66599A99B49C}.Debug|Any CPU.Build.0 = Debug|Any CPU
		{350B0A5E-A8E3-44B7-B769-66599A99B49C}.Release|Any CPU.ActiveCfg = Release|Any CPU
		{350B0A5E-A8E3-44B7-B769-66599A99B49C}.Release|Any CPU.Build.0 = Release|Any CPU
		{A92DC8ED-D7C9-47AF-B415-FB1AE3036451}.Debug|Any CPU.ActiveCfg = Debug|Any CPU
		{A92DC8ED-D7C9-47AF-B415-FB1AE3036451}.Debug|Any CPU.Build.0 = Debug|Any CPU
		{A92DC8ED-D7C9-47AF-B415-FB1AE3036451}.Release|Any CPU.ActiveCfg = Release|Any CPU
		{A92DC8ED-D7C9-47AF-B415-FB1AE3036451}.Release|Any CPU.Build.0 = Release|Any CPU
		{58E7AE2C-0CFE-4C49-9379-EFC978611208}.Debug|Any CPU.ActiveCfg = Debug|Any CPU
		{58E7AE2C-0CFE-4C49-9379-EFC978611208}.Debug|Any CPU.Build.0 = Debug|Any CPU
		{58E7AE2C-0CFE-4C49-9379-EFC978611208}.Release|Any CPU.ActiveCfg = Release|Any CPU
		{58E7AE2C-0CFE-4C49-9379-EFC978611208}.Release|Any CPU.Build.0 = Release|Any CPU
		{A1C91AE8-DB6B-4B9F-A3E4-6C2B9D4EB0F1}.Debug|Any CPU.ActiveCfg = Debug|Any CPU
		{A1C91AE8-DB6B-4B9F-A3E4-6C2B9D4EB0F1}.Debug|Any CPU.Build.0 = Debug|Any CPU
		{A1C91AE8-DB6B-4B9F-A3E4-6C2B9D4EB0F1}.Release|Any CPU.ActiveCfg = Release|Any CPU
		{A1C91AE8-DB6B-4B9F-A3E4-6C2B9D4EB0F1}.Release|Any CPU.Build.0 = Release|Any CPU
		{38A01D0E-094B-4568-9C21-BC53310C0882}.Debug|Any CPU.ActiveCfg = Debug|Any CPU
		{38A01D0E-094B-4568-9C21-BC53310C0882}.Debug|Any CPU.Build.0 = Debug|Any CPU
		{38A01D0E-094B-4568-9C21-BC53310C0882}.Release|Any CPU.ActiveCfg = Release|Any CPU
		{38A01D0E-094B-4568-9C21-BC53310C0882}.Release|Any CPU.Build.0 = Release|Any CPU
		{D55B1E63-683D-4922-B0D1-DEA45F2AFF69}.Debug|Any CPU.ActiveCfg = Debug|Any CPU
		{D55B1E63-683D-4922-B0D1-DEA45F2AFF69}.Debug|Any CPU.Build.0 = Debug|Any CPU
		{D55B1E63-683D-4922-B0D1-DEA45F2AFF69}.Release|Any CPU.ActiveCfg = Release|Any CPU
		{D55B1E63-683D-4922-B0D1-DEA45F2AFF69}.Release|Any CPU.Build.0 = Release|Any CPU
		{488AE8BB-453D-4617-8F44-A736E26A9E7D}.Debug|Any CPU.ActiveCfg = Debug|Any CPU
		{488AE8BB-453D-4617-8F44-A736E26A9E7D}.Debug|Any CPU.Build.0 = Debug|Any CPU
		{488AE8BB-453D-4617-8F44-A736E26A9E7D}.Release|Any CPU.ActiveCfg = Release|Any CPU
		{488AE8BB-453D-4617-8F44-A736E26A9E7D}.Release|Any CPU.Build.0 = Release|Any CPU
		{ADFB0E77-0EB7-4788-B5A3-E9AE9B3AB402}.Debug|Any CPU.ActiveCfg = Debug|Any CPU
		{ADFB0E77-0EB7-4788-B5A3-E9AE9B3AB402}.Debug|Any CPU.Build.0 = Debug|Any CPU
		{ADFB0E77-0EB7-4788-B5A3-E9AE9B3AB402}.Release|Any CPU.ActiveCfg = Release|Any CPU
		{ADFB0E77-0EB7-4788-B5A3-E9AE9B3AB402}.Release|Any CPU.Build.0 = Release|Any CPU
		{DADAEE5D-81A9-4335-91E5-220B3235147E}.Debug|Any CPU.ActiveCfg = Debug|Any CPU
		{DADAEE5D-81A9-4335-91E5-220B3235147E}.Debug|Any CPU.Build.0 = Debug|Any CPU
		{DADAEE5D-81A9-4335-91E5-220B3235147E}.Release|Any CPU.ActiveCfg = Release|Any CPU
		{DADAEE5D-81A9-4335-91E5-220B3235147E}.Release|Any CPU.Build.0 = Release|Any CPU
		{06B2DBE1-1C60-4753-A036-0EF5E112D18B}.Debug|Any CPU.ActiveCfg = Debug|Any CPU
		{06B2DBE1-1C60-4753-A036-0EF5E112D18B}.Debug|Any CPU.Build.0 = Debug|Any CPU
		{06B2DBE1-1C60-4753-A036-0EF5E112D18B}.Release|Any CPU.ActiveCfg = Release|Any CPU
		{06B2DBE1-1C60-4753-A036-0EF5E112D18B}.Release|Any CPU.Build.0 = Release|Any CPU
		{F72D91DF-5A6C-43C8-AC91-F32A37312FC7}.Debug|Any CPU.ActiveCfg = Debug|Any CPU
		{F72D91DF-5A6C-43C8-AC91-F32A37312FC7}.Debug|Any CPU.Build.0 = Debug|Any CPU
		{F72D91DF-5A6C-43C8-AC91-F32A37312FC7}.Release|Any CPU.ActiveCfg = Release|Any CPU
		{F72D91DF-5A6C-43C8-AC91-F32A37312FC7}.Release|Any CPU.Build.0 = Release|Any CPU
		{2501C8DA-6721-4B9B-B61E-B57E587454D1}.Debug|Any CPU.ActiveCfg = Debug|Any CPU
		{2501C8DA-6721-4B9B-B61E-B57E587454D1}.Debug|Any CPU.Build.0 = Debug|Any CPU
		{2501C8DA-6721-4B9B-B61E-B57E587454D1}.Release|Any CPU.ActiveCfg = Release|Any CPU
		{2501C8DA-6721-4B9B-B61E-B57E587454D1}.Release|Any CPU.Build.0 = Release|Any CPU
		{65DC4919-D6DA-4774-9EE0-F212D3AD53B7}.Debug|Any CPU.ActiveCfg = Debug|Any CPU
		{65DC4919-D6DA-4774-9EE0-F212D3AD53B7}.Debug|Any CPU.Build.0 = Debug|Any CPU
		{65DC4919-D6DA-4774-9EE0-F212D3AD53B7}.Release|Any CPU.ActiveCfg = Release|Any CPU
		{65DC4919-D6DA-4774-9EE0-F212D3AD53B7}.Release|Any CPU.Build.0 = Release|Any CPU
		{23717546-CDC3-4383-AB26-C2F01BD4157E}.Debug|Any CPU.ActiveCfg = Debug|Any CPU
		{23717546-CDC3-4383-AB26-C2F01BD4157E}.Debug|Any CPU.Build.0 = Debug|Any CPU
		{23717546-CDC3-4383-AB26-C2F01BD4157E}.Release|Any CPU.ActiveCfg = Release|Any CPU
		{23717546-CDC3-4383-AB26-C2F01BD4157E}.Release|Any CPU.Build.0 = Release|Any CPU
		{1117DBEA-67F9-43B7-94A7-83BDE026D5A3}.Debug|Any CPU.ActiveCfg = Debug|Any CPU
		{1117DBEA-67F9-43B7-94A7-83BDE026D5A3}.Debug|Any CPU.Build.0 = Debug|Any CPU
		{1117DBEA-67F9-43B7-94A7-83BDE026D5A3}.Release|Any CPU.ActiveCfg = Release|Any CPU
		{1117DBEA-67F9-43B7-94A7-83BDE026D5A3}.Release|Any CPU.Build.0 = Release|Any CPU
		{1DC4F247-7039-408E-A4BA-DA0424130C28}.Debug|Any CPU.ActiveCfg = Debug|Any CPU
		{1DC4F247-7039-408E-A4BA-DA0424130C28}.Debug|Any CPU.Build.0 = Debug|Any CPU
		{1DC4F247-7039-408E-A4BA-DA0424130C28}.Release|Any CPU.ActiveCfg = Release|Any CPU
		{1DC4F247-7039-408E-A4BA-DA0424130C28}.Release|Any CPU.Build.0 = Release|Any CPU
		{C8600940-2A05-480E-A5BC-5695B8695A43}.Debug|Any CPU.ActiveCfg = Debug|Any CPU
		{C8600940-2A05-480E-A5BC-5695B8695A43}.Debug|Any CPU.Build.0 = Debug|Any CPU
		{C8600940-2A05-480E-A5BC-5695B8695A43}.Release|Any CPU.ActiveCfg = Release|Any CPU
		{C8600940-2A05-480E-A5BC-5695B8695A43}.Release|Any CPU.Build.0 = Release|Any CPU
		{ECAFB830-2DED-43DE-BFEB-12664C90FBDB}.Debug|Any CPU.ActiveCfg = Debug|Any CPU
		{ECAFB830-2DED-43DE-BFEB-12664C90FBDB}.Debug|Any CPU.Build.0 = Debug|Any CPU
		{ECAFB830-2DED-43DE-BFEB-12664C90FBDB}.Release|Any CPU.ActiveCfg = Release|Any CPU
		{ECAFB830-2DED-43DE-BFEB-12664C90FBDB}.Release|Any CPU.Build.0 = Release|Any CPU
		{4D0BA380-73E1-47FB-9749-901519C4621B}.Debug|Any CPU.ActiveCfg = Debug|Any CPU
		{4D0BA380-73E1-47FB-9749-901519C4621B}.Debug|Any CPU.Build.0 = Debug|Any CPU
		{4D0BA380-73E1-47FB-9749-901519C4621B}.Release|Any CPU.ActiveCfg = Release|Any CPU
		{4D0BA380-73E1-47FB-9749-901519C4621B}.Release|Any CPU.Build.0 = Release|Any CPU
		{E41DC141-B30B-42E6-B600-442E5A98CC66}.Debug|Any CPU.ActiveCfg = Debug|Any CPU
		{E41DC141-B30B-42E6-B600-442E5A98CC66}.Debug|Any CPU.Build.0 = Debug|Any CPU
		{E41DC141-B30B-42E6-B600-442E5A98CC66}.Release|Any CPU.ActiveCfg = Release|Any CPU
		{E41DC141-B30B-42E6-B600-442E5A98CC66}.Release|Any CPU.Build.0 = Release|Any CPU
		{EA7EB612-3CBE-4E68-8D27-279F96D5C701}.Debug|Any CPU.ActiveCfg = Debug|Any CPU
		{EA7EB612-3CBE-4E68-8D27-279F96D5C701}.Debug|Any CPU.Build.0 = Debug|Any CPU
		{EA7EB612-3CBE-4E68-8D27-279F96D5C701}.Release|Any CPU.ActiveCfg = Release|Any CPU
		{EA7EB612-3CBE-4E68-8D27-279F96D5C701}.Release|Any CPU.Build.0 = Release|Any CPU
		{0FA2C551-C0AC-4E5A-B38D-B10365ED3CB1}.Debug|Any CPU.ActiveCfg = Debug|Any CPU
		{0FA2C551-C0AC-4E5A-B38D-B10365ED3CB1}.Debug|Any CPU.Build.0 = Debug|Any CPU
		{0FA2C551-C0AC-4E5A-B38D-B10365ED3CB1}.Release|Any CPU.ActiveCfg = Release|Any CPU
		{0FA2C551-C0AC-4E5A-B38D-B10365ED3CB1}.Release|Any CPU.Build.0 = Release|Any CPU
		{8905632F-852D-457D-AA90-FB5265522FF7}.Debug|Any CPU.ActiveCfg = Debug|Any CPU
		{8905632F-852D-457D-AA90-FB5265522FF7}.Debug|Any CPU.Build.0 = Debug|Any CPU
		{8905632F-852D-457D-AA90-FB5265522FF7}.Release|Any CPU.ActiveCfg = Release|Any CPU
		{8905632F-852D-457D-AA90-FB5265522FF7}.Release|Any CPU.Build.0 = Release|Any CPU
		{926EFCA8-AA68-4E68-BBB7-A70F2E35109E}.Debug|Any CPU.ActiveCfg = Debug|Any CPU
		{926EFCA8-AA68-4E68-BBB7-A70F2E35109E}.Debug|Any CPU.Build.0 = Debug|Any CPU
		{926EFCA8-AA68-4E68-BBB7-A70F2E35109E}.Release|Any CPU.ActiveCfg = Release|Any CPU
		{926EFCA8-AA68-4E68-BBB7-A70F2E35109E}.Release|Any CPU.Build.0 = Release|Any CPU
		{9C6244A9-1504-42D2-BDF0-C7D20A280E9E}.Debug|Any CPU.ActiveCfg = Debug|Any CPU
		{9C6244A9-1504-42D2-BDF0-C7D20A280E9E}.Debug|Any CPU.Build.0 = Debug|Any CPU
		{9C6244A9-1504-42D2-BDF0-C7D20A280E9E}.Release|Any CPU.ActiveCfg = Release|Any CPU
		{9C6244A9-1504-42D2-BDF0-C7D20A280E9E}.Release|Any CPU.Build.0 = Release|Any CPU
		{06C34CBB-9E0A-4043-ACE6-CAA6083A4DAF}.Debug|Any CPU.ActiveCfg = Debug|Any CPU
		{06C34CBB-9E0A-4043-ACE6-CAA6083A4DAF}.Debug|Any CPU.Build.0 = Debug|Any CPU
		{06C34CBB-9E0A-4043-ACE6-CAA6083A4DAF}.Release|Any CPU.ActiveCfg = Release|Any CPU
		{06C34CBB-9E0A-4043-ACE6-CAA6083A4DAF}.Release|Any CPU.Build.0 = Release|Any CPU
		{B563240C-C127-4405-9432-562F833EE91B}.Debug|Any CPU.ActiveCfg = Debug|Any CPU
		{B563240C-C127-4405-9432-562F833EE91B}.Debug|Any CPU.Build.0 = Debug|Any CPU
		{B563240C-C127-4405-9432-562F833EE91B}.Release|Any CPU.ActiveCfg = Release|Any CPU
		{B563240C-C127-4405-9432-562F833EE91B}.Release|Any CPU.Build.0 = Release|Any CPU
		{F55443ED-720C-4E36-88C7-90AD4D2E2ABD}.Debug|Any CPU.ActiveCfg = Debug|Any CPU
		{F55443ED-720C-4E36-88C7-90AD4D2E2ABD}.Debug|Any CPU.Build.0 = Debug|Any CPU
		{F55443ED-720C-4E36-88C7-90AD4D2E2ABD}.Release|Any CPU.ActiveCfg = Release|Any CPU
		{F55443ED-720C-4E36-88C7-90AD4D2E2ABD}.Release|Any CPU.Build.0 = Release|Any CPU
		{F6869430-6B8F-4EB8-85E0-4A3DE7F24375}.Debug|Any CPU.ActiveCfg = Debug|Any CPU
		{F6869430-6B8F-4EB8-85E0-4A3DE7F24375}.Debug|Any CPU.Build.0 = Debug|Any CPU
		{F6869430-6B8F-4EB8-85E0-4A3DE7F24375}.Release|Any CPU.ActiveCfg = Release|Any CPU
		{F6869430-6B8F-4EB8-85E0-4A3DE7F24375}.Release|Any CPU.Build.0 = Release|Any CPU
		{572E1855-50D4-4E44-B7D7-1CDF60D19532}.Debug|Any CPU.ActiveCfg = Debug|Any CPU
		{572E1855-50D4-4E44-B7D7-1CDF60D19532}.Debug|Any CPU.Build.0 = Debug|Any CPU
		{572E1855-50D4-4E44-B7D7-1CDF60D19532}.Release|Any CPU.ActiveCfg = Release|Any CPU
		{572E1855-50D4-4E44-B7D7-1CDF60D19532}.Release|Any CPU.Build.0 = Release|Any CPU
		{9F48DDED-2ACB-46B8-A136-EBA8FE1891FF}.Debug|Any CPU.ActiveCfg = Debug|Any CPU
		{9F48DDED-2ACB-46B8-A136-EBA8FE1891FF}.Debug|Any CPU.Build.0 = Debug|Any CPU
		{9F48DDED-2ACB-46B8-A136-EBA8FE1891FF}.Release|Any CPU.ActiveCfg = Release|Any CPU
		{9F48DDED-2ACB-46B8-A136-EBA8FE1891FF}.Release|Any CPU.Build.0 = Release|Any CPU
		{3AED54D5-97C4-4E31-9578-BC9360698836}.Debug|Any CPU.ActiveCfg = Debug|Any CPU
		{3AED54D5-97C4-4E31-9578-BC9360698836}.Debug|Any CPU.Build.0 = Debug|Any CPU
		{3AED54D5-97C4-4E31-9578-BC9360698836}.Release|Any CPU.ActiveCfg = Release|Any CPU
		{3AED54D5-97C4-4E31-9578-BC9360698836}.Release|Any CPU.Build.0 = Release|Any CPU
	EndGlobalSection
	GlobalSection(SolutionProperties) = preSolution
		HideSolutionNode = FALSE
	EndGlobalSection
	GlobalSection(NestedProjects) = preSolution
		{60291FE5-0489-444B-AD1E-F60F04BD7633} = {39D0FD5F-0068-4454-84D5-F8298556D62E}
		{EE5CEB44-B104-41AA-9BE6-AD718A6B7467} = {653BB493-5CF2-4090-A78D-E92728DB404F}
		{A2C6D222-A5A2-4769-81E3-E81EBBD5D8C9} = {653BB493-5CF2-4090-A78D-E92728DB404F}
		{FEDB881D-0443-434A-AB79-D8B8713C4E06} = {653BB493-5CF2-4090-A78D-E92728DB404F}
		{0F7E899C-AF3B-4E7D-94B2-67BCDC70927C} = {653BB493-5CF2-4090-A78D-E92728DB404F}
		{C816FDEA-3CB6-4C82-889B-57643253DBAE} = {653BB493-5CF2-4090-A78D-E92728DB404F}
		{607270E9-01A7-4FE5-9C85-E3653CE4C30E} = {653BB493-5CF2-4090-A78D-E92728DB404F}
		{14805E0E-AF63-4954-9DC1-2BD0CD38BB16} = {653BB493-5CF2-4090-A78D-E92728DB404F}
		{0E0AFA48-84AE-44BD-89D6-FC5DF1285ABE} = {A936EFD4-66E0-464E-B505-6020B8F33792}
		{BE598FFE-88A8-41AC-B6EF-19B376B1CF8E} = {A936EFD4-66E0-464E-B505-6020B8F33792}
		{2D85C9D0-E4F5-42EF-958E-A67B8070750C} = {A936EFD4-66E0-464E-B505-6020B8F33792}
		{7C251B79-6A94-4806-BF5B-60FC838A24E5} = {A936EFD4-66E0-464E-B505-6020B8F33792}
		{8E64837B-FCA0-413B-90E0-DC002FBA8692} = {A936EFD4-66E0-464E-B505-6020B8F33792}
		{9C11D0F8-4A51-4E47-9511-79E860448ABC} = {A936EFD4-66E0-464E-B505-6020B8F33792}
		{7A54EB98-E354-404D-A0D9-E5C2B10DAF76} = {A936EFD4-66E0-464E-B505-6020B8F33792}
		{100E77BD-77CF-41F3-AED6-BCF2169C2C44} = {A936EFD4-66E0-464E-B505-6020B8F33792}
		{E8C5B353-B976-40E1-9313-EF129607DAF4} = {A936EFD4-66E0-464E-B505-6020B8F33792}
		{75217348-9E31-451A-BCC9-0DE13FA1D9C2} = {A936EFD4-66E0-464E-B505-6020B8F33792}
		{E0DD4702-8DBE-4631-858A-EBA9C5B86DEE} = {A936EFD4-66E0-464E-B505-6020B8F33792}
		{350B0A5E-A8E3-44B7-B769-66599A99B49C} = {A936EFD4-66E0-464E-B505-6020B8F33792}
		{A92DC8ED-D7C9-47AF-B415-FB1AE3036451} = {5D7FA1D1-AB04-4DFE-881E-C9978F9AE7CD}
		{58E7AE2C-0CFE-4C49-9379-EFC978611208} = {5D7FA1D1-AB04-4DFE-881E-C9978F9AE7CD}
		{A1C91AE8-DB6B-4B9F-A3E4-6C2B9D4EB0F1} = {5D7FA1D1-AB04-4DFE-881E-C9978F9AE7CD}
		{38A01D0E-094B-4568-9C21-BC53310C0882} = {5D7FA1D1-AB04-4DFE-881E-C9978F9AE7CD}
		{D55B1E63-683D-4922-B0D1-DEA45F2AFF69} = {5D7FA1D1-AB04-4DFE-881E-C9978F9AE7CD}
		{488AE8BB-453D-4617-8F44-A736E26A9E7D} = {5D7FA1D1-AB04-4DFE-881E-C9978F9AE7CD}
		{ADFB0E77-0EB7-4788-B5A3-E9AE9B3AB402} = {5D7FA1D1-AB04-4DFE-881E-C9978F9AE7CD}
		{DADAEE5D-81A9-4335-91E5-220B3235147E} = {5D7FA1D1-AB04-4DFE-881E-C9978F9AE7CD}
		{06B2DBE1-1C60-4753-A036-0EF5E112D18B} = {56D1BE4C-685E-4A52-9855-A048AE77F2CB}
		{F72D91DF-5A6C-43C8-AC91-F32A37312FC7} = {56D1BE4C-685E-4A52-9855-A048AE77F2CB}
		{2501C8DA-6721-4B9B-B61E-B57E587454D1} = {56D1BE4C-685E-4A52-9855-A048AE77F2CB}
		{65DC4919-D6DA-4774-9EE0-F212D3AD53B7} = {56D1BE4C-685E-4A52-9855-A048AE77F2CB}
		{23717546-CDC3-4383-AB26-C2F01BD4157E} = {56D1BE4C-685E-4A52-9855-A048AE77F2CB}
		{1117DBEA-67F9-43B7-94A7-83BDE026D5A3} = {56D1BE4C-685E-4A52-9855-A048AE77F2CB}
		{1DC4F247-7039-408E-A4BA-DA0424130C28} = {56D1BE4C-685E-4A52-9855-A048AE77F2CB}
		{C8600940-2A05-480E-A5BC-5695B8695A43} = {56D1BE4C-685E-4A52-9855-A048AE77F2CB}
		{ECAFB830-2DED-43DE-BFEB-12664C90FBDB} = {56D1BE4C-685E-4A52-9855-A048AE77F2CB}
		{4D0BA380-73E1-47FB-9749-901519C4621B} = {56D1BE4C-685E-4A52-9855-A048AE77F2CB}
		{E41DC141-B30B-42E6-B600-442E5A98CC66} = {52934DE2-6A81-4785-B53D-95B6B0B8F27A}
		{EA7EB612-3CBE-4E68-8D27-279F96D5C701} = {52934DE2-6A81-4785-B53D-95B6B0B8F27A}
		{0FA2C551-C0AC-4E5A-B38D-B10365ED3CB1} = {52934DE2-6A81-4785-B53D-95B6B0B8F27A}
		{8905632F-852D-457D-AA90-FB5265522FF7} = {0B4A7F74-897B-489C-8BC0-8F8444062CE0}
		{926EFCA8-AA68-4E68-BBB7-A70F2E35109E} = {0B4A7F74-897B-489C-8BC0-8F8444062CE0}
		{9C6244A9-1504-42D2-BDF0-C7D20A280E9E} = {7D26A0B7-9C44-4266-9D0F-CF0585FBF912}
		{06C34CBB-9E0A-4043-ACE6-CAA6083A4DAF} = {FF309A0E-A74C-4670-BB4E-81BE0EAF7802}
		{B563240C-C127-4405-9432-562F833EE91B} = {DAC49D14-03B8-4496-B97F-C4B79B4680DC}
		{F55443ED-720C-4E36-88C7-90AD4D2E2ABD} = {9F31ABCB-DEFE-464F-96BC-30C1915E2975}
		{F6869430-6B8F-4EB8-85E0-4A3DE7F24375} = {2EA2D4E8-83E8-4B1A-A87F-7DE22DFC8CB3}
		{572E1855-50D4-4E44-B7D7-1CDF60D19532} = {FF45CDB4-90BB-4C2B-8BCD-22D3BBFADD7D}
		{9F48DDED-2ACB-46B8-A136-EBA8FE1891FF} = {85CECEB7-58FC-4147-8255-748D9E79C794}
		{3AED54D5-97C4-4E31-9578-BC9360698836} = {BDFF56F6-F410-422C-AAD9-F2735BF09919}
	EndGlobalSection
	GlobalSection(ExtensibilityGlobals) = postSolution
		SolutionGuid = {45CE0D86-4678-4AF3-8A45-C7F230994FD9}
	EndGlobalSection
EndGlobal
