
Microsoft Visual Studio Solution File, Format Version 12.00
# Visual Studio Version 17
VisualStudioVersion = 17.11.35312.102
MinimumVisualStudioVersion = 10.0.40219.1
Project("{FAE04EC0-301F-11D3-BF4B-00C04F79EFBC}") = "Task1_1", "Task1_1\Task1_1.csproj", "{60291FE5-0489-444B-AD1E-F60F04BD7633}"
EndProject
Project("{FAE04EC0-301F-11D3-BF4B-00C04F79EFBC}") = "Task1_2", "Task1_2\Task1_2.csproj", "{622CC665-4000-4BE1-AE7B-C53AFED9B67D}"
EndProject
Global
	GlobalSection(SolutionConfigurationPlatforms) = preSolution
		Debug|Any CPU = Debug|Any CPU
		Release|Any CPU = Release|Any CPU
	EndGlobalSection
	GlobalSection(ProjectConfigurationPlatforms) = postSolution
		{60291FE5-0489-444B-AD1E-F60F04BD7633}.Debug|Any CPU.ActiveCfg = Debug|Any CPU
		{60291FE5-0489-444B-AD1E-F60F04BD7633}.Debug|Any CPU.Build.0 = Debug|Any CPU
		{60291FE5-0489-444B-AD1E-F60F04BD7633}.Release|Any CPU.ActiveCfg = Release|Any CPU
		{60291FE5-0489-444B-AD1E-F60F04BD7633}.Release|Any CPU.Build.0 = Release|Any CPU
		{622CC665-4000-4BE1-AE7B-C53AFED9B67D}.Debug|Any CPU.ActiveCfg = Debug|Any CPU
		{622CC665-4000-4BE1-AE7B-C53AFED9B67D}.Debug|Any CPU.Build.0 = Debug|Any CPU
		{622CC665-4000-4BE1-AE7B-C53AFED9B67D}.Release|Any CPU.ActiveCfg = Release|Any CPU
		{622CC665-4000-4BE1-AE7B-C53AFED9B67D}.Release|Any CPU.Build.0 = Release|Any CPU
	EndGlobalSection
	GlobalSection(SolutionProperties) = preSolution
		HideSolutionNode = FALSE
	EndGlobalSection
	GlobalSection(ExtensibilityGlobals) = postSolution
		SolutionGuid = {45CE0D86-4678-4AF3-8A45-C7F230994FD9}
	EndGlobalSection
EndGlobal
